// !$*UTF8*$!
{
	archiveVersion = 1;
	classes = {
	};
	objectVersion = 56;
	objects = {

/* Begin PBXBuildFile section */
		466464552AF673AB00AB6830 /* AmplitudeView.swift in Sources */ = {isa = PBXBuildFile; fileRef = 466464542AF673AB00AB6830 /* AmplitudeView.swift */; };
		466FF3E32AF7A73800060A52 /* VolumeSlider.swift in Sources */ = {isa = PBXBuildFile; fileRef = 466FF3E22AF7A73800060A52 /* VolumeSlider.swift */; };
		795BC1B22AF3BCB200C4FC0E /* UIControl.swift in Sources */ = {isa = PBXBuildFile; fileRef = 795BC1B12AF3BCB200C4FC0E /* UIControl.swift */; };
		795BC1B42AF3BD4200C4FC0E /* ViewController_Layers.swift in Sources */ = {isa = PBXBuildFile; fileRef = 795BC1B32AF3BD4200C4FC0E /* ViewController_Layers.swift */; };
		795BC1B62AF3BE0600C4FC0E /* LayerCell.swift in Sources */ = {isa = PBXBuildFile; fileRef = 795BC1B52AF3BE0600C4FC0E /* LayerCell.swift */; };
		795BC1B82AF3CB4500C4FC0E /* YSText.swift in Sources */ = {isa = PBXBuildFile; fileRef = 795BC1B72AF3CB4500C4FC0E /* YSText.swift */; };
		795BC1BB2AF3DAFD00C4FC0E /* AudioSample.swift in Sources */ = {isa = PBXBuildFile; fileRef = 795BC1BA2AF3DAFD00C4FC0E /* AudioSample.swift */; };
		795BC1BD2AF3E4FF00C4FC0E /* AudioLayer.swift in Sources */ = {isa = PBXBuildFile; fileRef = 795BC1BC2AF3E4FF00C4FC0E /* AudioLayer.swift */; };
		88071BA62AF65334004C4ED4 /* YandexSansText-Regular.ttf in Resources */ = {isa = PBXBuildFile; fileRef = 88071BA52AF65099004C4ED4 /* YandexSansText-Regular.ttf */; };
		88071BB22AF690DB004C4ED4 /* Wind in Resources */ = {isa = PBXBuildFile; fileRef = 88071BB12AF690DB004C4ED4 /* Wind */; };
		88071BB42AF6DAD2004C4ED4 /* LaunchScreen.storyboard in Resources */ = {isa = PBXBuildFile; fileRef = 88071BB32AF6DAD2004C4ED4 /* LaunchScreen.storyboard */; };
		881E05302AF5891100D8A06D /* AudioRecorder.swift in Sources */ = {isa = PBXBuildFile; fileRef = 881E052F2AF5891100D8A06D /* AudioRecorder.swift */; };
		88630B472AF011E2006297E2 /* AppDelegate.swift in Sources */ = {isa = PBXBuildFile; fileRef = 88630B462AF011E2006297E2 /* AppDelegate.swift */; };
		88630B4B2AF011E2006297E2 /* ViewController.swift in Sources */ = {isa = PBXBuildFile; fileRef = 88630B4A2AF011E2006297E2 /* ViewController.swift */; };
		88630B502AF011E4006297E2 /* Assets.xcassets in Resources */ = {isa = PBXBuildFile; fileRef = 88630B4F2AF011E4006297E2 /* Assets.xcassets */; };
		88630B5C2AF01699006297E2 /* ToolView.swift in Sources */ = {isa = PBXBuildFile; fileRef = 88630B5B2AF01699006297E2 /* ToolView.swift */; };
		88630B5F2AF01A0A006297E2 /* CGRect.swift in Sources */ = {isa = PBXBuildFile; fileRef = 88630B5E2AF01A0A006297E2 /* CGRect.swift */; };
		88630B612AF01D36006297E2 /* UIView.swift in Sources */ = {isa = PBXBuildFile; fileRef = 88630B602AF01D36006297E2 /* UIView.swift */; };
		88A0CF0F2AF2B876006B08E4 /* UIColor.swift in Sources */ = {isa = PBXBuildFile; fileRef = 88A0CF0E2AF2B876006B08E4 /* UIColor.swift */; };
		88A0CF122AF2C107006B08E4 /* Color.swift in Sources */ = {isa = PBXBuildFile; fileRef = 88A0CF112AF2C107006B08E4 /* Color.swift */; };
		88A0CF262AF2E088006B08E4 /* Percussion in Resources */ = {isa = PBXBuildFile; fileRef = 88A0CF252AF2E088006B08E4 /* Percussion */; };
		88A0CF292AF2E32D006B08E4 /* AudioKit in Frameworks */ = {isa = PBXBuildFile; productRef = 88A0CF282AF2E32D006B08E4 /* AudioKit */; };
		88A62A0B2AF1931000F0F1DE /* ToggleButton.swift in Sources */ = {isa = PBXBuildFile; fileRef = 88A62A0A2AF1931000F0F1DE /* ToggleButton.swift */; };
		88B03D492AF411EC00B8769A /* Melody in Resources */ = {isa = PBXBuildFile; fileRef = 88B03D482AF411EC00B8769A /* Melody */; };
/* End PBXBuildFile section */

/* Begin PBXFileReference section */
		466464542AF673AB00AB6830 /* AmplitudeView.swift */ = {isa = PBXFileReference; lastKnownFileType = sourcecode.swift; path = AmplitudeView.swift; sourceTree = "<group>"; };
		466FF3E22AF7A73800060A52 /* VolumeSlider.swift */ = {isa = PBXFileReference; lastKnownFileType = sourcecode.swift; path = VolumeSlider.swift; sourceTree = "<group>"; };
		795BC1B12AF3BCB200C4FC0E /* UIControl.swift */ = {isa = PBXFileReference; lastKnownFileType = sourcecode.swift; path = UIControl.swift; sourceTree = "<group>"; };
		795BC1B32AF3BD4200C4FC0E /* ViewController_Layers.swift */ = {isa = PBXFileReference; lastKnownFileType = sourcecode.swift; path = ViewController_Layers.swift; sourceTree = "<group>"; };
		795BC1B52AF3BE0600C4FC0E /* LayerCell.swift */ = {isa = PBXFileReference; lastKnownFileType = sourcecode.swift; path = LayerCell.swift; sourceTree = "<group>"; };
		795BC1B72AF3CB4500C4FC0E /* YSText.swift */ = {isa = PBXFileReference; lastKnownFileType = sourcecode.swift; path = YSText.swift; sourceTree = "<group>"; };
		795BC1BA2AF3DAFD00C4FC0E /* AudioSample.swift */ = {isa = PBXFileReference; lastKnownFileType = sourcecode.swift; path = AudioSample.swift; sourceTree = "<group>"; };
		795BC1BC2AF3E4FF00C4FC0E /* AudioLayer.swift */ = {isa = PBXFileReference; lastKnownFileType = sourcecode.swift; path = AudioLayer.swift; sourceTree = "<group>"; };
		88071BA52AF65099004C4ED4 /* YandexSansText-Regular.ttf */ = {isa = PBXFileReference; lastKnownFileType = file; path = "YandexSansText-Regular.ttf"; sourceTree = "<group>"; };
		88071BB12AF690DB004C4ED4 /* Wind */ = {isa = PBXFileReference; lastKnownFileType = folder; path = Wind; sourceTree = "<group>"; };
		88071BB32AF6DAD2004C4ED4 /* LaunchScreen.storyboard */ = {isa = PBXFileReference; lastKnownFileType = file.storyboard; path = LaunchScreen.storyboard; sourceTree = "<group>"; };
		881E052F2AF5891100D8A06D /* AudioRecorder.swift */ = {isa = PBXFileReference; lastKnownFileType = sourcecode.swift; path = AudioRecorder.swift; sourceTree = "<group>"; };
		88630B432AF011E2006297E2 /* musapp.app */ = {isa = PBXFileReference; explicitFileType = wrapper.application; includeInIndex = 0; path = musapp.app; sourceTree = BUILT_PRODUCTS_DIR; };
		88630B462AF011E2006297E2 /* AppDelegate.swift */ = {isa = PBXFileReference; lastKnownFileType = sourcecode.swift; path = AppDelegate.swift; sourceTree = "<group>"; };
		88630B4A2AF011E2006297E2 /* ViewController.swift */ = {isa = PBXFileReference; lastKnownFileType = sourcecode.swift; path = ViewController.swift; sourceTree = "<group>"; };
		88630B4F2AF011E4006297E2 /* Assets.xcassets */ = {isa = PBXFileReference; lastKnownFileType = folder.assetcatalog; path = Assets.xcassets; sourceTree = "<group>"; };
		88630B542AF011E4006297E2 /* Info.plist */ = {isa = PBXFileReference; lastKnownFileType = text.plist.xml; path = Info.plist; sourceTree = "<group>"; };
		88630B5B2AF01699006297E2 /* ToolView.swift */ = {isa = PBXFileReference; lastKnownFileType = sourcecode.swift; path = ToolView.swift; sourceTree = "<group>"; };
		88630B5E2AF01A0A006297E2 /* CGRect.swift */ = {isa = PBXFileReference; fileEncoding = 4; lastKnownFileType = sourcecode.swift; path = CGRect.swift; sourceTree = "<group>"; };
		88630B602AF01D36006297E2 /* UIView.swift */ = {isa = PBXFileReference; fileEncoding = 4; lastKnownFileType = sourcecode.swift; path = UIView.swift; sourceTree = "<group>"; };
		88A0CF0E2AF2B876006B08E4 /* UIColor.swift */ = {isa = PBXFileReference; lastKnownFileType = sourcecode.swift; path = UIColor.swift; sourceTree = "<group>"; };
		88A0CF112AF2C107006B08E4 /* Color.swift */ = {isa = PBXFileReference; lastKnownFileType = sourcecode.swift; path = Color.swift; sourceTree = "<group>"; };
		88A0CF252AF2E088006B08E4 /* Percussion */ = {isa = PBXFileReference; lastKnownFileType = folder; path = Percussion; sourceTree = "<group>"; };
		88A62A0A2AF1931000F0F1DE /* ToggleButton.swift */ = {isa = PBXFileReference; lastKnownFileType = sourcecode.swift; path = ToggleButton.swift; sourceTree = "<group>"; };
		88B03D482AF411EC00B8769A /* Melody */ = {isa = PBXFileReference; lastKnownFileType = folder; path = Melody; sourceTree = "<group>"; };
/* End PBXFileReference section */

/* Begin PBXFrameworksBuildPhase section */
		88630B402AF011E2006297E2 /* Frameworks */ = {
			isa = PBXFrameworksBuildPhase;
			buildActionMask = 2147483647;
			files = (
				88A0CF292AF2E32D006B08E4 /* AudioKit in Frameworks */,
			);
			runOnlyForDeploymentPostprocessing = 0;
		};
/* End PBXFrameworksBuildPhase section */

/* Begin PBXGroup section */
		795BC1B92AF3DAE900C4FC0E /* Model */ = {
			isa = PBXGroup;
			children = (
				795BC1BA2AF3DAFD00C4FC0E /* AudioSample.swift */,
				795BC1BC2AF3E4FF00C4FC0E /* AudioLayer.swift */,
			);
			path = Model;
			sourceTree = "<group>";
		};
		88071BA42AF6508C004C4ED4 /* Fonts */ = {
			isa = PBXGroup;
			children = (
				88071BA52AF65099004C4ED4 /* YandexSansText-Regular.ttf */,
			);
			path = Fonts;
			sourceTree = "<group>";
		};
		88630B3A2AF011E2006297E2 = {
			isa = PBXGroup;
			children = (
				88630B5D2AF019ED006297E2 /* Extensions */,
				88630B452AF011E2006297E2 /* musapp */,
				88630B442AF011E2006297E2 /* Products */,
			);
			sourceTree = "<group>";
		};
		88630B442AF011E2006297E2 /* Products */ = {
			isa = PBXGroup;
			children = (
				88630B432AF011E2006297E2 /* musapp.app */,
			);
			name = Products;
			sourceTree = "<group>";
		};
		88630B452AF011E2006297E2 /* musapp */ = {
			isa = PBXGroup;
			children = (
				88071BA42AF6508C004C4ED4 /* Fonts */,
				795BC1B92AF3DAE900C4FC0E /* Model */,
				88A0CF132AF2DE02006B08E4 /* AudioSamples */,
				88A0CF102AF2C0FB006B08E4 /* Style */,
				88630B5A2AF01681006297E2 /* Controls */,
				88630B462AF011E2006297E2 /* AppDelegate.swift */,
				88630B4A2AF011E2006297E2 /* ViewController.swift */,
				88630B4F2AF011E4006297E2 /* Assets.xcassets */,
				88630B542AF011E4006297E2 /* Info.plist */,
				795BC1B32AF3BD4200C4FC0E /* ViewController_Layers.swift */,
				881E052F2AF5891100D8A06D /* AudioRecorder.swift */,
				88071BB32AF6DAD2004C4ED4 /* LaunchScreen.storyboard */,
			);
			path = musapp;
			sourceTree = "<group>";
		};
		88630B5A2AF01681006297E2 /* Controls */ = {
			isa = PBXGroup;
			children = (
				88630B5B2AF01699006297E2 /* ToolView.swift */,
				88A62A0A2AF1931000F0F1DE /* ToggleButton.swift */,
				795BC1B52AF3BE0600C4FC0E /* LayerCell.swift */,
				466464542AF673AB00AB6830 /* AmplitudeView.swift */,
				466FF3E22AF7A73800060A52 /* VolumeSlider.swift */,
			);
			path = Controls;
			sourceTree = "<group>";
		};
		88630B5D2AF019ED006297E2 /* Extensions */ = {
			isa = PBXGroup;
			children = (
				88630B602AF01D36006297E2 /* UIView.swift */,
				88630B5E2AF01A0A006297E2 /* CGRect.swift */,
				88A0CF0E2AF2B876006B08E4 /* UIColor.swift */,
				795BC1B12AF3BCB200C4FC0E /* UIControl.swift */,
			);
			path = Extensions;
			sourceTree = "<group>";
		};
		88A0CF102AF2C0FB006B08E4 /* Style */ = {
			isa = PBXGroup;
			children = (
				88A0CF112AF2C107006B08E4 /* Color.swift */,
				795BC1B72AF3CB4500C4FC0E /* YSText.swift */,
			);
			path = Style;
			sourceTree = "<group>";
		};
		88A0CF132AF2DE02006B08E4 /* AudioSamples */ = {
			isa = PBXGroup;
			children = (
				88071BB12AF690DB004C4ED4 /* Wind */,
				88B03D482AF411EC00B8769A /* Melody */,
				88A0CF252AF2E088006B08E4 /* Percussion */,
			);
			path = AudioSamples;
			sourceTree = "<group>";
		};
/* End PBXGroup section */

/* Begin PBXNativeTarget section */
		88630B422AF011E2006297E2 /* musapp */ = {
			isa = PBXNativeTarget;
			buildConfigurationList = 88630B572AF011E4006297E2 /* Build configuration list for PBXNativeTarget "musapp" */;
			buildPhases = (
				88630B3F2AF011E2006297E2 /* Sources */,
				88630B402AF011E2006297E2 /* Frameworks */,
				88630B412AF011E2006297E2 /* Resources */,
			);
			buildRules = (
			);
			dependencies = (
			);
			name = musapp;
			packageProductDependencies = (
				88A0CF282AF2E32D006B08E4 /* AudioKit */,
			);
			productName = musapp;
			productReference = 88630B432AF011E2006297E2 /* musapp.app */;
			productType = "com.apple.product-type.application";
		};
/* End PBXNativeTarget section */

/* Begin PBXProject section */
		88630B3B2AF011E2006297E2 /* Project object */ = {
			isa = PBXProject;
			attributes = {
				BuildIndependentTargetsInParallel = 1;
				LastSwiftUpdateCheck = 1500;
				LastUpgradeCheck = 1500;
				TargetAttributes = {
					88630B422AF011E2006297E2 = {
						CreatedOnToolsVersion = 15.0.1;
					};
				};
			};
			buildConfigurationList = 88630B3E2AF011E2006297E2 /* Build configuration list for PBXProject "musapp" */;
			compatibilityVersion = "Xcode 14.0";
			developmentRegion = en;
			hasScannedForEncodings = 0;
			knownRegions = (
				en,
				Base,
			);
			mainGroup = 88630B3A2AF011E2006297E2;
			packageReferences = (
				88A0CF272AF2E32D006B08E4 /* XCRemoteSwiftPackageReference "AudioKit" */,
			);
			productRefGroup = 88630B442AF011E2006297E2 /* Products */;
			projectDirPath = "";
			projectRoot = "";
			targets = (
				88630B422AF011E2006297E2 /* musapp */,
			);
		};
/* End PBXProject section */

/* Begin PBXResourcesBuildPhase section */
		88630B412AF011E2006297E2 /* Resources */ = {
			isa = PBXResourcesBuildPhase;
			buildActionMask = 2147483647;
			files = (
				88630B502AF011E4006297E2 /* Assets.xcassets in Resources */,
				88B03D492AF411EC00B8769A /* Melody in Resources */,
				88071BB22AF690DB004C4ED4 /* Wind in Resources */,
				88071BB42AF6DAD2004C4ED4 /* LaunchScreen.storyboard in Resources */,
				88A0CF262AF2E088006B08E4 /* Percussion in Resources */,
				88071BA62AF65334004C4ED4 /* YandexSansText-Regular.ttf in Resources */,
			);
			runOnlyForDeploymentPostprocessing = 0;
		};
/* End PBXResourcesBuildPhase section */

/* Begin PBXSourcesBuildPhase section */
		88630B3F2AF011E2006297E2 /* Sources */ = {
			isa = PBXSourcesBuildPhase;
			buildActionMask = 2147483647;
			files = (
				466464552AF673AB00AB6830 /* AmplitudeView.swift in Sources */,
				795BC1BB2AF3DAFD00C4FC0E /* AudioSample.swift in Sources */,
				88A62A0B2AF1931000F0F1DE /* ToggleButton.swift in Sources */,
				795BC1BD2AF3E4FF00C4FC0E /* AudioLayer.swift in Sources */,
				466FF3E32AF7A73800060A52 /* VolumeSlider.swift in Sources */,
				88A0CF0F2AF2B876006B08E4 /* UIColor.swift in Sources */,
				795BC1B62AF3BE0600C4FC0E /* LayerCell.swift in Sources */,
				88630B612AF01D36006297E2 /* UIView.swift in Sources */,
				795BC1B82AF3CB4500C4FC0E /* YSText.swift in Sources */,
				88630B4B2AF011E2006297E2 /* ViewController.swift in Sources */,
				795BC1B42AF3BD4200C4FC0E /* ViewController_Layers.swift in Sources */,
				881E05302AF5891100D8A06D /* AudioRecorder.swift in Sources */,
				88630B5C2AF01699006297E2 /* ToolView.swift in Sources */,
				88A0CF122AF2C107006B08E4 /* Color.swift in Sources */,
				88630B472AF011E2006297E2 /* AppDelegate.swift in Sources */,
				88630B5F2AF01A0A006297E2 /* CGRect.swift in Sources */,
				795BC1B22AF3BCB200C4FC0E /* UIControl.swift in Sources */,
			);
			runOnlyForDeploymentPostprocessing = 0;
		};
/* End PBXSourcesBuildPhase section */

/* Begin XCBuildConfiguration section */
		88630B552AF011E4006297E2 /* Debug */ = {
			isa = XCBuildConfiguration;
			buildSettings = {
				ALWAYS_SEARCH_USER_PATHS = NO;
				ASSETCATALOG_COMPILER_GENERATE_SWIFT_ASSET_SYMBOL_EXTENSIONS = YES;
				CLANG_ANALYZER_NONNULL = YES;
				CLANG_ANALYZER_NUMBER_OBJECT_CONVERSION = YES_AGGRESSIVE;
				CLANG_CXX_LANGUAGE_STANDARD = "gnu++20";
				CLANG_ENABLE_MODULES = YES;
				CLANG_ENABLE_OBJC_ARC = YES;
				CLANG_ENABLE_OBJC_WEAK = YES;
				CLANG_WARN_BLOCK_CAPTURE_AUTORELEASING = YES;
				CLANG_WARN_BOOL_CONVERSION = YES;
				CLANG_WARN_COMMA = YES;
				CLANG_WARN_CONSTANT_CONVERSION = YES;
				CLANG_WARN_DEPRECATED_OBJC_IMPLEMENTATIONS = YES;
				CLANG_WARN_DIRECT_OBJC_ISA_USAGE = YES_ERROR;
				CLANG_WARN_DOCUMENTATION_COMMENTS = YES;
				CLANG_WARN_EMPTY_BODY = YES;
				CLANG_WARN_ENUM_CONVERSION = YES;
				CLANG_WARN_INFINITE_RECURSION = YES;
				CLANG_WARN_INT_CONVERSION = YES;
				CLANG_WARN_NON_LITERAL_NULL_CONVERSION = YES;
				CLANG_WARN_OBJC_IMPLICIT_RETAIN_SELF = YES;
				CLANG_WARN_OBJC_LITERAL_CONVERSION = YES;
				CLANG_WARN_OBJC_ROOT_CLASS = YES_ERROR;
				CLANG_WARN_QUOTED_INCLUDE_IN_FRAMEWORK_HEADER = YES;
				CLANG_WARN_RANGE_LOOP_ANALYSIS = YES;
				CLANG_WARN_STRICT_PROTOTYPES = YES;
				CLANG_WARN_SUSPICIOUS_MOVE = YES;
				CLANG_WARN_UNGUARDED_AVAILABILITY = YES_AGGRESSIVE;
				CLANG_WARN_UNREACHABLE_CODE = YES;
				CLANG_WARN__DUPLICATE_METHOD_MATCH = YES;
				COPY_PHASE_STRIP = NO;
				DEBUG_INFORMATION_FORMAT = dwarf;
				ENABLE_STRICT_OBJC_MSGSEND = YES;
				ENABLE_TESTABILITY = YES;
				ENABLE_USER_SCRIPT_SANDBOXING = YES;
				GCC_C_LANGUAGE_STANDARD = gnu17;
				GCC_DYNAMIC_NO_PIC = NO;
				GCC_NO_COMMON_BLOCKS = YES;
				GCC_OPTIMIZATION_LEVEL = 0;
				GCC_PREPROCESSOR_DEFINITIONS = (
					"DEBUG=1",
					"$(inherited)",
				);
				GCC_WARN_64_TO_32_BIT_CONVERSION = YES;
				GCC_WARN_ABOUT_RETURN_TYPE = YES_ERROR;
				GCC_WARN_UNDECLARED_SELECTOR = YES;
				GCC_WARN_UNINITIALIZED_AUTOS = YES_AGGRESSIVE;
				GCC_WARN_UNUSED_FUNCTION = YES;
				GCC_WARN_UNUSED_VARIABLE = YES;
				IPHONEOS_DEPLOYMENT_TARGET = 16.0;
				LOCALIZATION_PREFERS_STRING_CATALOGS = YES;
				MTL_ENABLE_DEBUG_INFO = INCLUDE_SOURCE;
				MTL_FAST_MATH = YES;
				ONLY_ACTIVE_ARCH = YES;
				SDKROOT = iphoneos;
				SWIFT_ACTIVE_COMPILATION_CONDITIONS = "DEBUG $(inherited)";
				SWIFT_OPTIMIZATION_LEVEL = "-Onone";
			};
			name = Debug;
		};
		88630B562AF011E4006297E2 /* Release */ = {
			isa = XCBuildConfiguration;
			buildSettings = {
				ALWAYS_SEARCH_USER_PATHS = NO;
				ASSETCATALOG_COMPILER_GENERATE_SWIFT_ASSET_SYMBOL_EXTENSIONS = YES;
				CLANG_ANALYZER_NONNULL = YES;
				CLANG_ANALYZER_NUMBER_OBJECT_CONVERSION = YES_AGGRESSIVE;
				CLANG_CXX_LANGUAGE_STANDARD = "gnu++20";
				CLANG_ENABLE_MODULES = YES;
				CLANG_ENABLE_OBJC_ARC = YES;
				CLANG_ENABLE_OBJC_WEAK = YES;
				CLANG_WARN_BLOCK_CAPTURE_AUTORELEASING = YES;
				CLANG_WARN_BOOL_CONVERSION = YES;
				CLANG_WARN_COMMA = YES;
				CLANG_WARN_CONSTANT_CONVERSION = YES;
				CLANG_WARN_DEPRECATED_OBJC_IMPLEMENTATIONS = YES;
				CLANG_WARN_DIRECT_OBJC_ISA_USAGE = YES_ERROR;
				CLANG_WARN_DOCUMENTATION_COMMENTS = YES;
				CLANG_WARN_EMPTY_BODY = YES;
				CLANG_WARN_ENUM_CONVERSION = YES;
				CLANG_WARN_INFINITE_RECURSION = YES;
				CLANG_WARN_INT_CONVERSION = YES;
				CLANG_WARN_NON_LITERAL_NULL_CONVERSION = YES;
				CLANG_WARN_OBJC_IMPLICIT_RETAIN_SELF = YES;
				CLANG_WARN_OBJC_LITERAL_CONVERSION = YES;
				CLANG_WARN_OBJC_ROOT_CLASS = YES_ERROR;
				CLANG_WARN_QUOTED_INCLUDE_IN_FRAMEWORK_HEADER = YES;
				CLANG_WARN_RANGE_LOOP_ANALYSIS = YES;
				CLANG_WARN_STRICT_PROTOTYPES = YES;
				CLANG_WARN_SUSPICIOUS_MOVE = YES;
				CLANG_WARN_UNGUARDED_AVAILABILITY = YES_AGGRESSIVE;
				CLANG_WARN_UNREACHABLE_CODE = YES;
				CLANG_WARN__DUPLICATE_METHOD_MATCH = YES;
				COPY_PHASE_STRIP = NO;
				DEBUG_INFORMATION_FORMAT = "dwarf-with-dsym";
				ENABLE_NS_ASSERTIONS = NO;
				ENABLE_STRICT_OBJC_MSGSEND = YES;
				ENABLE_USER_SCRIPT_SANDBOXING = YES;
				GCC_C_LANGUAGE_STANDARD = gnu17;
				GCC_NO_COMMON_BLOCKS = YES;
				GCC_WARN_64_TO_32_BIT_CONVERSION = YES;
				GCC_WARN_ABOUT_RETURN_TYPE = YES_ERROR;
				GCC_WARN_UNDECLARED_SELECTOR = YES;
				GCC_WARN_UNINITIALIZED_AUTOS = YES_AGGRESSIVE;
				GCC_WARN_UNUSED_FUNCTION = YES;
				GCC_WARN_UNUSED_VARIABLE = YES;
				IPHONEOS_DEPLOYMENT_TARGET = 16.0;
				LOCALIZATION_PREFERS_STRING_CATALOGS = YES;
				MTL_ENABLE_DEBUG_INFO = NO;
				MTL_FAST_MATH = YES;
				SDKROOT = iphoneos;
				SWIFT_COMPILATION_MODE = wholemodule;
				VALIDATE_PRODUCT = YES;
			};
			name = Release;
		};
		88630B582AF011E4006297E2 /* Debug */ = {
			isa = XCBuildConfiguration;
			buildSettings = {
				ASSETCATALOG_COMPILER_APPICON_NAME = AppIcon;
				ASSETCATALOG_COMPILER_GLOBAL_ACCENT_COLOR_NAME = AccentColor;
				CODE_SIGN_STYLE = Automatic;
				CURRENT_PROJECT_VERSION = 1;
				DEVELOPMENT_TEAM = 99J36N4642;
				GENERATE_INFOPLIST_FILE = YES;
				INFOPLIST_FILE = musapp/Info.plist;
				INFOPLIST_KEY_NSMicrophoneUsageDescription = "Need microphone access for recording audio";
				INFOPLIST_KEY_UIApplicationSupportsIndirectInputEvents = YES;
				INFOPLIST_KEY_UILaunchStoryboardName = LaunchScreen;
				INFOPLIST_KEY_UISupportedInterfaceOrientations = UIInterfaceOrientationPortrait;
				IPHONEOS_DEPLOYMENT_TARGET = 16.0;
				LD_RUNPATH_SEARCH_PATHS = (
					"$(inherited)",
					"@executable_path/Frameworks",
				);
				MARKETING_VERSION = 1.0;
				PRODUCT_BUNDLE_IDENTIFIER = ru.docsystems.musapp;
				PRODUCT_NAME = "$(TARGET_NAME)";
				SUPPORTED_PLATFORMS = "iphoneos iphonesimulator";
				SUPPORTS_MACCATALYST = NO;
				SUPPORTS_MAC_DESIGNED_FOR_IPHONE_IPAD = NO;
				SWIFT_EMIT_LOC_STRINGS = YES;
				SWIFT_VERSION = 5.0;
				TARGETED_DEVICE_FAMILY = 1;
			};
			name = Debug;
		};
		88630B592AF011E4006297E2 /* Release */ = {
			isa = XCBuildConfiguration;
			buildSettings = {
				ASSETCATALOG_COMPILER_APPICON_NAME = AppIcon;
				ASSETCATALOG_COMPILER_GLOBAL_ACCENT_COLOR_NAME = AccentColor;
				CODE_SIGN_STYLE = Automatic;
				CURRENT_PROJECT_VERSION = 1;
				DEVELOPMENT_TEAM = 99J36N4642;
				GENERATE_INFOPLIST_FILE = YES;
				INFOPLIST_FILE = musapp/Info.plist;
				INFOPLIST_KEY_NSMicrophoneUsageDescription = "Need microphone access for recording audio";
				INFOPLIST_KEY_UIApplicationSupportsIndirectInputEvents = YES;
				INFOPLIST_KEY_UILaunchStoryboardName = LaunchScreen;
				INFOPLIST_KEY_UISupportedInterfaceOrientations = UIInterfaceOrientationPortrait;
				IPHONEOS_DEPLOYMENT_TARGET = 16.0;
				LD_RUNPATH_SEARCH_PATHS = (
					"$(inherited)",
					"@executable_path/Frameworks",
				);
				MARKETING_VERSION = 1.0;
				PRODUCT_BUNDLE_IDENTIFIER = ru.docsystems.musapp;
				PRODUCT_NAME = "$(TARGET_NAME)";
				SUPPORTED_PLATFORMS = "iphoneos iphonesimulator";
				SUPPORTS_MACCATALYST = NO;
				SUPPORTS_MAC_DESIGNED_FOR_IPHONE_IPAD = NO;
				SWIFT_EMIT_LOC_STRINGS = YES;
				SWIFT_VERSION = 5.0;
				TARGETED_DEVICE_FAMILY = 1;
			};
			name = Release;
		};
/* End XCBuildConfiguration section */

/* Begin XCConfigurationList section */
		88630B3E2AF011E2006297E2 /* Build configuration list for PBXProject "musapp" */ = {
			isa = XCConfigurationList;
			buildConfigurations = (
				88630B552AF011E4006297E2 /* Debug */,
				88630B562AF011E4006297E2 /* Release */,
			);
			defaultConfigurationIsVisible = 0;
			defaultConfigurationName = Release;
		};
		88630B572AF011E4006297E2 /* Build configuration list for PBXNativeTarget "musapp" */ = {
			isa = XCConfigurationList;
			buildConfigurations = (
				88630B582AF011E4006297E2 /* Debug */,
				88630B592AF011E4006297E2 /* Release */,
			);
			defaultConfigurationIsVisible = 0;
			defaultConfigurationName = Release;
		};
/* End XCConfigurationList section */

/* Begin XCRemoteSwiftPackageReference section */
		88A0CF272AF2E32D006B08E4 /* XCRemoteSwiftPackageReference "AudioKit" */ = {
			isa = XCRemoteSwiftPackageReference;
			repositoryURL = "https://github.com/AudioKit/AudioKit.git";
			requirement = {
				kind = exactVersion;
				version = 5.6.2;
			};
		};
/* End XCRemoteSwiftPackageReference section */

/* Begin XCSwiftPackageProductDependency section */
		88A0CF282AF2E32D006B08E4 /* AudioKit */ = {
			isa = XCSwiftPackageProductDependency;
			package = 88A0CF272AF2E32D006B08E4 /* XCRemoteSwiftPackageReference "AudioKit" */;
			productName = AudioKit;
		};
/* End XCSwiftPackageProductDependency section */
	};
	rootObject = 88630B3B2AF011E2006297E2 /* Project object */;
}
